
Microsoft Visual Studio Solution File, Format Version 12.00
# Visual Studio 15
VisualStudioVersion = 15.0.27428.2015
MinimumVisualStudioVersion = 10.0.40219.1
Project("{FAE04EC0-301F-11D3-BF4B-00C04F79EFBC}") = "WebApi.Core", "WebApi.Core\WebApi.Core.csproj", "{F25CA5AF-C7B9-4A6C-97DD-51B554A00938}"
EndProject
Global
	GlobalSection(SolutionConfigurationPlatforms) = preSolution
		Debug|Any CPU = Debug|Any CPU
		Release|Any CPU = Release|Any CPU
	EndGlobalSection
	GlobalSection(ProjectConfigurationPlatforms) = postSolution
		{F25CA5AF-C7B9-4A6C-97DD-51B554A00938}.Debug|Any CPU.ActiveCfg = Debug|Any CPU
		{F25CA5AF-C7B9-4A6C-97DD-51B554A00938}.Debug|Any CPU.Build.0 = Debug|Any CPU
		{F25CA5AF-C7B9-4A6C-97DD-51B554A00938}.Release|Any CPU.ActiveCfg = Release|Any CPU
		{F25CA5AF-C7B9-4A6C-97DD-51B554A00938}.Release|Any CPU.Build.0 = Release|Any CPU
	EndGlobalSection
	GlobalSection(SolutionProperties) = preSolution
		HideSolutionNode = FALSE
	EndGlobalSection
	GlobalSection(ExtensibilityGlobals) = postSolution
		SolutionGuid = {15081E3F-A1AA-47DE-958E-A5D20DCB8A41}
	EndGlobalSection
EndGlobal
